
Microsoft Visual Studio Solution File, Format Version 12.00
# Visual Studio Version 17
VisualStudioVersion = 17.11.35312.102
MinimumVisualStudioVersion = 10.0.40219.1
Project("{FAE04EC0-301F-11D3-BF4B-00C04F79EFBC}") = "Week10", "Week10.csproj", "{C178789E-0DFB-44C4-BB74-99C22A252A2C}"
EndProject
Global
	GlobalSection(SolutionConfigurationPlatforms) = preSolution
		Debug|Any CPU = Debug|Any CPU
		Release|Any CPU = Release|Any CPU
	EndGlobalSection
	GlobalSection(ProjectConfigurationPlatforms) = postSolution
		{C178789E-0DFB-44C4-BB74-99C22A252A2C}.Debug|Any CPU.ActiveCfg = Debug|Any CPU
		{C178789E-0DFB-44C4-BB74-99C22A252A2C}.Debug|Any CPU.Build.0 = Debug|Any CPU
		{C178789E-0DFB-44C4-BB74-99C22A252A2C}.Release|Any CPU.ActiveCfg = Release|Any CPU
		{C178789E-0DFB-44C4-BB74-99C22A252A2C}.Release|Any CPU.Build.0 = Release|Any CPU
	EndGlobalSection
	GlobalSection(SolutionProperties) = preSolution
		HideSolutionNode = FALSE
	EndGlobalSection
	GlobalSection(ExtensibilityGlobals) = postSolution
		SolutionGuid = {D102D5E9-59EC-4F27-BA4B-4D9059BFFC54}
	EndGlobalSection
EndGlobal
