
Microsoft Visual Studio Solution File, Format Version 12.00
# Visual Studio Version 17
VisualStudioVersion = 17.11.35312.102
MinimumVisualStudioVersion = 10.0.40219.1
Project("{FAE04EC0-301F-11D3-BF4B-00C04F79EFBC}") = "LabTest1", "LabTest1.csproj", "{16B9F793-F561-4C22-B5DD-6608D6C1B550}"
EndProject
Global
	GlobalSection(SolutionConfigurationPlatforms) = preSolution
		Debug|Any CPU = Debug|Any CPU
		Release|Any CPU = Release|Any CPU
	EndGlobalSection
	GlobalSection(ProjectConfigurationPlatforms) = postSolution
		{16B9F793-F561-4C22-B5DD-6608D6C1B550}.Debug|Any CPU.ActiveCfg = Debug|Any CPU
		{16B9F793-F561-4C22-B5DD-6608D6C1B550}.Debug|Any CPU.Build.0 = Debug|Any CPU
		{16B9F793-F561-4C22-B5DD-6608D6C1B550}.Release|Any CPU.ActiveCfg = Release|Any CPU
		{16B9F793-F561-4C22-B5DD-6608D6C1B550}.Release|Any CPU.Build.0 = Release|Any CPU
	EndGlobalSection
	GlobalSection(SolutionProperties) = preSolution
		HideSolutionNode = FALSE
	EndGlobalSection
	GlobalSection(ExtensibilityGlobals) = postSolution
		SolutionGuid = {E7ABD1FB-C1B6-401B-AB9A-3D1C31C524EB}
	EndGlobalSection
EndGlobal
