
Microsoft Visual Studio Solution File, Format Version 12.00
# Visual Studio Version 17
VisualStudioVersion = 17.11.35312.102
MinimumVisualStudioVersion = 10.0.40219.1
Project("{FAE04EC0-301F-11D3-BF4B-00C04F79EFBC}") = "WeekSix", "WeekSix.csproj", "{C74A86F6-E4BC-4AEA-B871-1FB38AAD1285}"
EndProject
Global
	GlobalSection(SolutionConfigurationPlatforms) = preSolution
		Debug|Any CPU = Debug|Any CPU
		Release|Any CPU = Release|Any CPU
	EndGlobalSection
	GlobalSection(ProjectConfigurationPlatforms) = postSolution
		{C74A86F6-E4BC-4AEA-B871-1FB38AAD1285}.Debug|Any CPU.ActiveCfg = Debug|Any CPU
		{C74A86F6-E4BC-4AEA-B871-1FB38AAD1285}.Debug|Any CPU.Build.0 = Debug|Any CPU
		{C74A86F6-E4BC-4AEA-B871-1FB38AAD1285}.Release|Any CPU.ActiveCfg = Release|Any CPU
		{C74A86F6-E4BC-4AEA-B871-1FB38AAD1285}.Release|Any CPU.Build.0 = Release|Any CPU
	EndGlobalSection
	GlobalSection(SolutionProperties) = preSolution
		HideSolutionNode = FALSE
	EndGlobalSection
	GlobalSection(ExtensibilityGlobals) = postSolution
		SolutionGuid = {CC38F491-6118-4ABB-B7B4-99A3C02D03A5}
	EndGlobalSection
EndGlobal
