
Microsoft Visual Studio Solution File, Format Version 12.00
# Visual Studio Version 17
VisualStudioVersion = 17.11.35312.102
MinimumVisualStudioVersion = 10.0.40219.1
Project("{FAE04EC0-301F-11D3-BF4B-00C04F79EFBC}") = "Week2", "Week2.csproj", "{C802F129-51E2-463E-96A3-498A52363DC9}"
EndProject
Global
	GlobalSection(SolutionConfigurationPlatforms) = preSolution
		Debug|Any CPU = Debug|Any CPU
		Release|Any CPU = Release|Any CPU
	EndGlobalSection
	GlobalSection(ProjectConfigurationPlatforms) = postSolution
		{C802F129-51E2-463E-96A3-498A52363DC9}.Debug|Any CPU.ActiveCfg = Debug|Any CPU
		{C802F129-51E2-463E-96A3-498A52363DC9}.Debug|Any CPU.Build.0 = Debug|Any CPU
		{C802F129-51E2-463E-96A3-498A52363DC9}.Release|Any CPU.ActiveCfg = Release|Any CPU
		{C802F129-51E2-463E-96A3-498A52363DC9}.Release|Any CPU.Build.0 = Release|Any CPU
	EndGlobalSection
	GlobalSection(SolutionProperties) = preSolution
		HideSolutionNode = FALSE
	EndGlobalSection
	GlobalSection(ExtensibilityGlobals) = postSolution
		SolutionGuid = {8AF41F73-76E7-4AEA-82D1-9F1EC17AB2F4}
	EndGlobalSection
EndGlobal
