
Microsoft Visual Studio Solution File, Format Version 12.00
# Visual Studio Version 17
VisualStudioVersion = 17.11.35312.102
MinimumVisualStudioVersion = 10.0.40219.1
Project("{FAE04EC0-301F-11D3-BF4B-00C04F79EFBC}") = "Assignment1", "Assignment1.csproj", "{806B3FEB-07C7-44F9-8B41-3F17D764DE72}"
EndProject
Global
	GlobalSection(SolutionConfigurationPlatforms) = preSolution
		Debug|Any CPU = Debug|Any CPU
		Release|Any CPU = Release|Any CPU
	EndGlobalSection
	GlobalSection(ProjectConfigurationPlatforms) = postSolution
		{806B3FEB-07C7-44F9-8B41-3F17D764DE72}.Debug|Any CPU.ActiveCfg = Debug|Any CPU
		{806B3FEB-07C7-44F9-8B41-3F17D764DE72}.Debug|Any CPU.Build.0 = Debug|Any CPU
		{806B3FEB-07C7-44F9-8B41-3F17D764DE72}.Release|Any CPU.ActiveCfg = Release|Any CPU
		{806B3FEB-07C7-44F9-8B41-3F17D764DE72}.Release|Any CPU.Build.0 = Release|Any CPU
	EndGlobalSection
	GlobalSection(SolutionProperties) = preSolution
		HideSolutionNode = FALSE
	EndGlobalSection
	GlobalSection(ExtensibilityGlobals) = postSolution
		SolutionGuid = {F62D28E9-7202-4B8E-889F-5066445CF15C}
	EndGlobalSection
EndGlobal
